
Microsoft Visual Studio Solution File, Format Version 12.00
# Visual Studio Version 17
VisualStudioVersion = 17.14.36212.18 d17.14
MinimumVisualStudioVersion = 10.0.40219.1
Project("{FAE04EC0-301F-11D3-BF4B-00C04F79EFBC}") = "ProjectTracker", "ProjectTracker\ProjectTracker.csproj", "{F787E59B-80EA-4060-92C7-133D48A47C39}"
EndProject
Global
	GlobalSection(SolutionConfigurationPlatforms) = preSolution
		Debug|Any CPU = Debug|Any CPU
		Release|Any CPU = Release|Any CPU
	EndGlobalSection
	GlobalSection(ProjectConfigurationPlatforms) = postSolution
		{F787E59B-80EA-4060-92C7-133D48A47C39}.Debug|Any CPU.ActiveCfg = Debug|Any CPU
		{F787E59B-80EA-4060-92C7-133D48A47C39}.Debug|Any CPU.Build.0 = Debug|Any CPU
		{F787E59B-80EA-4060-92C7-133D48A47C39}.Release|Any CPU.ActiveCfg = Release|Any CPU
		{F787E59B-80EA-4060-92C7-133D48A47C39}.Release|Any CPU.Build.0 = Release|Any CPU
	EndGlobalSection
	GlobalSection(SolutionProperties) = preSolution
		HideSolutionNode = FALSE
	EndGlobalSection
	GlobalSection(ExtensibilityGlobals) = postSolution
		SolutionGuid = {4300CD3E-C408-403E-AA10-95B6D9C3A21C}
	EndGlobalSection
EndGlobal
